{
  "version": "5",
  "specifiers": {
    "jsr:@hono/hono@^4.12.5": "4.12.5",
    "jsr:@std/collections@^1.1.6": "1.1.6",
    "jsr:@std/datetime@~0.225.7": "0.225.7",
    "jsr:@std/fmt@^1.0.9": "1.0.9",
    "jsr:@std/regexp@^1.0.1": "1.0.1",
    "jsr:@std/text@^1.0.17": "1.0.17"
  },
  "jsr": {
    "@hono/hono@4.12.5": {
      "integrity": "16e6ac6d6ab65c3d08fa4c019c3d9236389044074f3932bf0922fcb582e530c6"
    },
    "@std/collections@1.1.6": {
      "integrity": "b458160ce65ea5ad35da05d0a5cbee4b583677c8b443a10d7beb0c4ac63f2baa"
    },
    "@std/datetime@0.225.7": {
      "integrity": "e62c6c454a0ecfc2918fe41e7a621e0f334a6f82605e98fd32eb1e6371999328"
    },
    "@std/fmt@1.0.9": {
      "integrity": "2487343e8899fb2be5d0e3d35013e54477ada198854e52dd05ed0422eddcabe0"
    },
    "@std/regexp@1.0.1": {
      "integrity": "5179d823465085c5480dafb44438466e83c424fadc61ba31f744050ecc0f596d"
    },
    "@std/text@1.0.17": {
      "integrity": "4b2c4ef67ae5b6c1dfd447c81c83a43718f52e3c7e748d8b33f694aba9895f95",
      "dependencies": [
        "jsr:@std/regexp"
      ]
    }
  },
  "workspace": {
    "dependencies": [
      "jsr:@hono/hono@^4.12.5",
      "jsr:@std/collections@^1.1.6",
      "jsr:@std/datetime@~0.225.7",
      "jsr:@std/fmt@^1.0.9",
      "jsr:@std/text@^1.0.17"
    ]
  }
}
